{
  "name": "chess game",
  "lockfileVersion": 3,
  "requires": true,
  "packages": {
    "": {
      "dependencies": {
        "chess.js": "^1.0.0-beta.6",
        "chessboardjs": "^0.0.1",
        "typescript": "^5.3.2"
      }
    },
    "node_modules/chess.js": {
      "version": "1.0.0-beta.6",
      "resolved": "https://registry.npmjs.org/chess.js/-/chess.js-1.0.0-beta.6.tgz",
      "integrity": "sha512-sqBfX1VL3csSyqVM5ogbKA+aRlZyWDh276ruWXphwI0lDUMs7iYjZs29BOi49f7mXeunJE7cdfnIZhihsyLnsA=="
    },
    "node_modules/chessboardjs": {
      "version": "0.0.1",
      "resolved": "https://registry.npmjs.org/chessboardjs/-/chessboardjs-0.0.1.tgz",
      "integrity": "sha512-VK8mGqWQ4fk3rKre5T17F9yIxJRP/L+oS29zXL0nuhQfY3rAoKcdyPZziR2S7AfNhqPL45VmdhdspcAFR9CXww=="
    },
    "node_modules/typescript": {
      "version": "5.3.2",
      "resolved": "https://registry.npmjs.org/typescript/-/typescript-5.3.2.tgz",
      "integrity": "sha512-6l+RyNy7oAHDfxC4FzSJcz9vnjTKxrLpDG5M2Vu4SHRVNg6xzqZp6LYSR9zjqQTu8DU/f5xwxUdADOkbrIX2gQ==",
      "bin": {
        "tsc": "bin/tsc",
        "tsserver": "bin/tsserver"
      },
      "engines": {
        "node": ">=14.17"
      }
    }
  }
}
